
Microsoft Visual Studio Solution File, Format Version 12.00
# Visual Studio Version 16
VisualStudioVersion = 16.0.29613.14
MinimumVisualStudioVersion = 10.0.40219.1
Project("{FAE04EC0-301F-11D3-BF4B-00C04F79EFBC}") = "ConsumRest", "ConsumRest.csproj", "{16718E68-7FBE-4068-846F-6E946B695A4E}"
EndProject
Global
	GlobalSection(SolutionConfigurationPlatforms) = preSolution
		Debug|Any CPU = Debug|Any CPU
		Release|Any CPU = Release|Any CPU
	EndGlobalSection
	GlobalSection(ProjectConfigurationPlatforms) = postSolution
		{16718E68-7FBE-4068-846F-6E946B695A4E}.Debug|Any CPU.ActiveCfg = Debug|Any CPU
		{16718E68-7FBE-4068-846F-6E946B695A4E}.Debug|Any CPU.Build.0 = Debug|Any CPU
		{16718E68-7FBE-4068-846F-6E946B695A4E}.Release|Any CPU.ActiveCfg = Release|Any CPU
		{16718E68-7FBE-4068-846F-6E946B695A4E}.Release|Any CPU.Build.0 = Release|Any CPU
	EndGlobalSection
	GlobalSection(SolutionProperties) = preSolution
		HideSolutionNode = FALSE
	EndGlobalSection
	GlobalSection(ExtensibilityGlobals) = postSolution
		SolutionGuid = {E3C2CC62-01E6-4FB5-8DF2-067B9D831E88}
	EndGlobalSection
EndGlobal
